// !$*UTF8*$!
{
	archiveVersion = 1;
	classes = {
	};
	objectVersion = 56;
	objects = {

/* Begin PBXBuildFile section */
		3B2B035E2BB3D10C009B1DEA /* QuestionView.swift in Sources */ = {isa = PBXBuildFile; fileRef = 3B2B035D2BB3D10C009B1DEA /* QuestionView.swift */; };
		3B2B03612BB3D5E6009B1DEA /* DataTesting.swift in Sources */ = {isa = PBXBuildFile; fileRef = 3B2B03602BB3D5E6009B1DEA /* DataTesting.swift */; };
		3B32CB9C2BB3BFA1002484AB /* ARIApp.swift in Sources */ = {isa = PBXBuildFile; fileRef = 3B32CB9B2BB3BFA1002484AB /* ARIApp.swift */; };
		3B32CB9E2BB3BFA1002484AB /* ContentView.swift in Sources */ = {isa = PBXBuildFile; fileRef = 3B32CB9D2BB3BFA1002484AB /* ContentView.swift */; };
		3B32CBA02BB3BFA2002484AB /* Assets.xcassets in Resources */ = {isa = PBXBuildFile; fileRef = 3B32CB9F2BB3BFA2002484AB /* Assets.xcassets */; };
		3B32CBA32BB3BFA2002484AB /* Preview Assets.xcassets in Resources */ = {isa = PBXBuildFile; fileRef = 3B32CBA22BB3BFA2002484AB /* Preview Assets.xcassets */; };
		3B32CBAD2BB3BFE1002484AB /* MyAnswerView.swift in Sources */ = {isa = PBXBuildFile; fileRef = 3B32CBAC2BB3BFE1002484AB /* MyAnswerView.swift */; };
		3BADFB6F2BB416DC00F52A84 /* LoginViewModel.swift in Sources */ = {isa = PBXBuildFile; fileRef = 3BADFB6E2BB416DC00F52A84 /* LoginViewModel.swift */; };
		3BADFB712BB416E900F52A84 /* User.swift in Sources */ = {isa = PBXBuildFile; fileRef = 3BADFB702BB416E900F52A84 /* User.swift */; };
		3BADFB732BB4316500F52A84 /* LoginState.swift in Sources */ = {isa = PBXBuildFile; fileRef = 3BADFB722BB4316500F52A84 /* LoginState.swift */; };
		3BE8ADBF2BB40A8C005919CF /* MoreInfoView.swift in Sources */ = {isa = PBXBuildFile; fileRef = 3BE8ADBE2BB40A8C005919CF /* MoreInfoView.swift */; };
		3BE8ADC22BB40AA7005919CF /* QuestionData.swift in Sources */ = {isa = PBXBuildFile; fileRef = 3BE8ADC12BB40AA7005919CF /* QuestionData.swift */; };
		3BE8ADC52BB40ACD005919CF /* QuestionViewModel.swift in Sources */ = {isa = PBXBuildFile; fileRef = 3BE8ADC42BB40ACD005919CF /* QuestionViewModel.swift */; };
		3BE8ADC72BB40B85005919CF /* DataTestView.swift in Sources */ = {isa = PBXBuildFile; fileRef = 3BE8ADC62BB40B85005919CF /* DataTestView.swift */; };
		423ED8F32BB453800009608E /* FirebaseAuth in Frameworks */ = {isa = PBXBuildFile; productRef = 423ED8F22BB453800009608E /* FirebaseAuth */; };
		423ED8F52BB4538D0009608E /* FirebaseFirestore in Frameworks */ = {isa = PBXBuildFile; productRef = 423ED8F42BB4538D0009608E /* FirebaseFirestore */; };
		423ED8F72BB4538D0009608E /* FirebaseFirestoreSwift in Frameworks */ = {isa = PBXBuildFile; productRef = 423ED8F62BB4538D0009608E /* FirebaseFirestoreSwift */; };
		423ED8F92BB453990009608E /* GoogleSignIn in Frameworks */ = {isa = PBXBuildFile; productRef = 423ED8F82BB453990009608E /* GoogleSignIn */; };
		423ED8FB2BB453990009608E /* GoogleSignInSwift in Frameworks */ = {isa = PBXBuildFile; productRef = 423ED8FA2BB453990009608E /* GoogleSignInSwift */; };
		423ED8FD2BB472330009608E /* QuestionUserDefaultsClient.swift in Sources */ = {isa = PBXBuildFile; fileRef = 423ED8FC2BB472330009608E /* QuestionUserDefaultsClient.swift */; };
		423ED8FF2BB476F10009608E /* QuestionStore.swift in Sources */ = {isa = PBXBuildFile; fileRef = 423ED8FE2BB476F10009608E /* QuestionStore.swift */; };
		42A7E69F2BB4101A00AB9DED /* AnsweringView.swift in Sources */ = {isa = PBXBuildFile; fileRef = 42A7E69E2BB4101A00AB9DED /* AnsweringView.swift */; };
		42A7E6A12BB4102F00AB9DED /* AccentColorButtonView.swift in Sources */ = {isa = PBXBuildFile; fileRef = 42A7E6A02BB4102F00AB9DED /* AccentColorButtonView.swift */; };
		9B2B3CB42BB3DF5C00EFBAE1 /* AnswerLabelView.swift in Sources */ = {isa = PBXBuildFile; fileRef = 9B2B3CB32BB3DF5C00EFBAE1 /* AnswerLabelView.swift */; };
		9B4631A62BB5252000113FB9 /* GoogleService-Info.plist in Resources */ = {isa = PBXBuildFile; fileRef = 9B4631A52BB5252000113FB9 /* GoogleService-Info.plist */; };
		9BE746BF2BB465990022CC50 /* DevelopersDetailView.swift in Sources */ = {isa = PBXBuildFile; fileRef = 9BE746BE2BB465990022CC50 /* DevelopersDetailView.swift */; };
		D7014EC42BB3DBB000A8F05F /* AnswerDetailView.swift in Sources */ = {isa = PBXBuildFile; fileRef = D7014EC32BB3DBB000A8F05F /* AnswerDetailView.swift */; };
		D7014EC62BB3F83300A8F05F /* AnswerCell.swift in Sources */ = {isa = PBXBuildFile; fileRef = D7014EC52BB3F83300A8F05F /* AnswerCell.swift */; };
		D7014EC82BB3FBEE00A8F05F /* EditAnswerView.swift in Sources */ = {isa = PBXBuildFile; fileRef = D7014EC72BB3FBEE00A8F05F /* EditAnswerView.swift */; };
		D7014ECA2BB4299A00A8F05F /* MyQuestionCell.swift in Sources */ = {isa = PBXBuildFile; fileRef = D7014EC92BB4299A00A8F05F /* MyQuestionCell.swift */; };
/* End PBXBuildFile section */

/* Begin PBXFileReference section */
		3B2B035D2BB3D10C009B1DEA /* QuestionView.swift */ = {isa = PBXFileReference; lastKnownFileType = sourcecode.swift; path = QuestionView.swift; sourceTree = "<group>"; };
		3B2B03602BB3D5E6009B1DEA /* DataTesting.swift */ = {isa = PBXFileReference; lastKnownFileType = sourcecode.swift; path = DataTesting.swift; sourceTree = "<group>"; };
		3B32CB982BB3BFA1002484AB /* ARI.app */ = {isa = PBXFileReference; explicitFileType = wrapper.application; includeInIndex = 0; path = ARI.app; sourceTree = BUILT_PRODUCTS_DIR; };
		3B32CB9B2BB3BFA1002484AB /* ARIApp.swift */ = {isa = PBXFileReference; lastKnownFileType = sourcecode.swift; path = ARIApp.swift; sourceTree = "<group>"; };
		3B32CB9D2BB3BFA1002484AB /* ContentView.swift */ = {isa = PBXFileReference; lastKnownFileType = sourcecode.swift; path = ContentView.swift; sourceTree = "<group>"; };
		3B32CB9F2BB3BFA2002484AB /* Assets.xcassets */ = {isa = PBXFileReference; lastKnownFileType = folder.assetcatalog; path = Assets.xcassets; sourceTree = "<group>"; };
		3B32CBA22BB3BFA2002484AB /* Preview Assets.xcassets */ = {isa = PBXFileReference; lastKnownFileType = folder.assetcatalog; path = "Preview Assets.xcassets"; sourceTree = "<group>"; };
		3B32CBAC2BB3BFE1002484AB /* MyAnswerView.swift */ = {isa = PBXFileReference; lastKnownFileType = sourcecode.swift; path = MyAnswerView.swift; sourceTree = "<group>"; };
		3BADFB6E2BB416DC00F52A84 /* LoginViewModel.swift */ = {isa = PBXFileReference; lastKnownFileType = sourcecode.swift; path = LoginViewModel.swift; sourceTree = "<group>"; };
		3BADFB702BB416E900F52A84 /* User.swift */ = {isa = PBXFileReference; lastKnownFileType = sourcecode.swift; path = User.swift; sourceTree = "<group>"; };
		3BADFB722BB4316500F52A84 /* LoginState.swift */ = {isa = PBXFileReference; lastKnownFileType = sourcecode.swift; path = LoginState.swift; sourceTree = "<group>"; };
		3BE8ADBC2BB40A58005919CF /* Info.plist */ = {isa = PBXFileReference; lastKnownFileType = text.plist; path = Info.plist; sourceTree = "<group>"; };
		3BE8ADBE2BB40A8C005919CF /* MoreInfoView.swift */ = {isa = PBXFileReference; lastKnownFileType = sourcecode.swift; name = MoreInfoView.swift; path = ARI/Views/MoreInfo/MoreInfoView.swift; sourceTree = SOURCE_ROOT; };
		3BE8ADC12BB40AA7005919CF /* QuestionData.swift */ = {isa = PBXFileReference; lastKnownFileType = sourcecode.swift; path = QuestionData.swift; sourceTree = "<group>"; };
		3BE8ADC42BB40ACD005919CF /* QuestionViewModel.swift */ = {isa = PBXFileReference; lastKnownFileType = sourcecode.swift; path = QuestionViewModel.swift; sourceTree = "<group>"; };
		3BE8ADC62BB40B85005919CF /* DataTestView.swift */ = {isa = PBXFileReference; lastKnownFileType = sourcecode.swift; path = DataTestView.swift; sourceTree = "<group>"; };
		423ED8FC2BB472330009608E /* QuestionUserDefaultsClient.swift */ = {isa = PBXFileReference; lastKnownFileType = sourcecode.swift; path = QuestionUserDefaultsClient.swift; sourceTree = "<group>"; };
		423ED8FE2BB476F10009608E /* QuestionStore.swift */ = {isa = PBXFileReference; lastKnownFileType = sourcecode.swift; path = QuestionStore.swift; sourceTree = "<group>"; };
		42A7E69E2BB4101A00AB9DED /* AnsweringView.swift */ = {isa = PBXFileReference; lastKnownFileType = sourcecode.swift; path = AnsweringView.swift; sourceTree = "<group>"; };
		42A7E6A02BB4102F00AB9DED /* AccentColorButtonView.swift */ = {isa = PBXFileReference; lastKnownFileType = sourcecode.swift; path = AccentColorButtonView.swift; sourceTree = "<group>"; };
		9B2B3CB32BB3DF5C00EFBAE1 /* AnswerLabelView.swift */ = {isa = PBXFileReference; lastKnownFileType = sourcecode.swift; path = AnswerLabelView.swift; sourceTree = "<group>"; };
		9BE4C7702BB443A9000FBE83 /* GoogleService-Info.plist */ = {isa = PBXFileReference; fileEncoding = 4; lastKnownFileType = text.plist.xml; path = "GoogleService-Info.plist"; sourceTree = "<group>"; };
		9B4631A52BB5252000113FB9 /* GoogleService-Info.plist */ = {isa = PBXFileReference; fileEncoding = 4; lastKnownFileType = text.plist.xml; name = "GoogleService-Info.plist"; path = "../../../../../Desktop/GoogleService-Info.plist"; sourceTree = "<group>"; };
		9BE746BE2BB465990022CC50 /* DevelopersDetailView.swift */ = {isa = PBXFileReference; lastKnownFileType = sourcecode.swift; path = DevelopersDetailView.swift; sourceTree = "<group>"; };
		D7014EC32BB3DBB000A8F05F /* AnswerDetailView.swift */ = {isa = PBXFileReference; lastKnownFileType = sourcecode.swift; path = AnswerDetailView.swift; sourceTree = "<group>"; };
		D7014EC52BB3F83300A8F05F /* AnswerCell.swift */ = {isa = PBXFileReference; lastKnownFileType = sourcecode.swift; path = AnswerCell.swift; sourceTree = "<group>"; };
		D7014EC72BB3FBEE00A8F05F /* EditAnswerView.swift */ = {isa = PBXFileReference; lastKnownFileType = sourcecode.swift; path = EditAnswerView.swift; sourceTree = "<group>"; };
		D7014EC92BB4299A00A8F05F /* MyQuestionCell.swift */ = {isa = PBXFileReference; lastKnownFileType = sourcecode.swift; path = MyQuestionCell.swift; sourceTree = "<group>"; };
/* End PBXFileReference section */

/* Begin PBXFrameworksBuildPhase section */
		3B32CB952BB3BFA1002484AB /* Frameworks */ = {
			isa = PBXFrameworksBuildPhase;
			buildActionMask = 2147483647;
			files = (
				423ED8FB2BB453990009608E /* GoogleSignInSwift in Frameworks */,
				423ED8F32BB453800009608E /* FirebaseAuth in Frameworks */,
				423ED8F92BB453990009608E /* GoogleSignIn in Frameworks */,
				423ED8F52BB4538D0009608E /* FirebaseFirestore in Frameworks */,
				423ED8F72BB4538D0009608E /* FirebaseFirestoreSwift in Frameworks */,
			);
			runOnlyForDeploymentPostprocessing = 0;
		};
/* End PBXFrameworksBuildPhase section */

/* Begin PBXGroup section */
		3B2B035C2BB3D101009B1DEA /* Question */ = {
			isa = PBXGroup;
			children = (
				3B2B035D2BB3D10C009B1DEA /* QuestionView.swift */,
				42A7E69E2BB4101A00AB9DED /* AnsweringView.swift */,
				42A7E6A02BB4102F00AB9DED /* AccentColorButtonView.swift */,
				423ED8FC2BB472330009608E /* QuestionUserDefaultsClient.swift */,
				423ED8FE2BB476F10009608E /* QuestionStore.swift */,
			);
			path = Question;
			sourceTree = "<group>";
		};
		3B2B035F2BB3D5D9009B1DEA /* DataControl */ = {
			isa = PBXGroup;
			children = (
				3B2B03602BB3D5E6009B1DEA /* DataTesting.swift */,
				3BE8ADC62BB40B85005919CF /* DataTestView.swift */,
			);
			path = DataControl;
			sourceTree = "<group>";
		};
		3B32CB8F2BB3BFA1002484AB = {
			isa = PBXGroup;
			children = (
				3B32CB9A2BB3BFA1002484AB /* ARI */,
				3B32CB992BB3BFA1002484AB /* Products */,
				3BE8ADB92BB40A4A005919CF /* Frameworks */,
			);
			sourceTree = "<group>";
		};
		3B32CB992BB3BFA1002484AB /* Products */ = {
			isa = PBXGroup;
			children = (
				3B32CB982BB3BFA1002484AB /* ARI.app */,
			);
			name = Products;
			sourceTree = "<group>";
		};
		3B32CB9A2BB3BFA1002484AB /* ARI */ = {
			isa = PBXGroup;
			children = (
				3BE8ADBC2BB40A58005919CF /* Info.plist */,
				3B32CBA92BB3BFB0002484AB /* Apps */,
				3B2B035F2BB3D5D9009B1DEA /* DataControl */,
				3BE8ADC02BB40A97005919CF /* Models */,
				3BE8ADC32BB40AB7005919CF /* ViewModels */,
				3B32CBB22BB3C194002484AB /* Views */,
				3B32CB9F2BB3BFA2002484AB /* Assets.xcassets */,
				9B4631A52BB5252000113FB9 /* GoogleService-Info.plist */,
				3B32CBA12BB3BFA2002484AB /* Preview Content */,
			);
			path = ARI;
			sourceTree = "<group>";
		};
		3B32CBA12BB3BFA2002484AB /* Preview Content */ = {
			isa = PBXGroup;
			children = (
				3B32CBA22BB3BFA2002484AB /* Preview Assets.xcassets */,
			);
			path = "Preview Content";
			sourceTree = "<group>";
		};
		3B32CBA92BB3BFB0002484AB /* Apps */ = {
			isa = PBXGroup;
			children = (
				3B32CB9B2BB3BFA1002484AB /* ARIApp.swift */,
				3B32CB9D2BB3BFA1002484AB /* ContentView.swift */,
			);
			name = Apps;
			path = "New Group";
			sourceTree = "<group>";
		};
		3B32CBAB2BB3BFC1002484AB /* MyAnswer */ = {
			isa = PBXGroup;
			children = (
				3B32CBAC2BB3BFE1002484AB /* MyAnswerView.swift */,
				D7014EC32BB3DBB000A8F05F /* AnswerDetailView.swift */,
				D7014EC72BB3FBEE00A8F05F /* EditAnswerView.swift */,
				9B2B3CB32BB3DF5C00EFBAE1 /* AnswerLabelView.swift */,
				D7014EC52BB3F83300A8F05F /* AnswerCell.swift */,
				D7014EC92BB4299A00A8F05F /* MyQuestionCell.swift */,
			);
			path = MyAnswer;
			sourceTree = "<group>";
		};
		3B32CBB22BB3C194002484AB /* Views */ = {
			isa = PBXGroup;
			children = (
				3B2B035C2BB3D101009B1DEA /* Question */,
				3B32CBAB2BB3BFC1002484AB /* MyAnswer */,
				3BE8ADC82BB40DAD005919CF /* MoreInfo */,
			);
			path = Views;
			sourceTree = "<group>";
		};
		3BE8ADB92BB40A4A005919CF /* Frameworks */ = {
			isa = PBXGroup;
			children = (
			);
			name = Frameworks;
			sourceTree = "<group>";
		};
		3BE8ADC02BB40A97005919CF /* Models */ = {
			isa = PBXGroup;
			children = (
				3BE8ADC12BB40AA7005919CF /* QuestionData.swift */,
				3BADFB722BB4316500F52A84 /* LoginState.swift */,
				3BADFB702BB416E900F52A84 /* User.swift */,
			);
			path = Models;
			sourceTree = "<group>";
		};
		3BE8ADC32BB40AB7005919CF /* ViewModels */ = {
			isa = PBXGroup;
			children = (
				3BE8ADC42BB40ACD005919CF /* QuestionViewModel.swift */,
				3BADFB6E2BB416DC00F52A84 /* LoginViewModel.swift */,
			);
			path = ViewModels;
			sourceTree = "<group>";
		};
		3BE8ADC82BB40DAD005919CF /* MoreInfo */ = {
			isa = PBXGroup;
			children = (
				3BE8ADBE2BB40A8C005919CF /* MoreInfoView.swift */,
				9BE746BE2BB465990022CC50 /* DevelopersDetailView.swift */,
			);
			path = MoreInfo;
			sourceTree = "<group>";
		};
/* End PBXGroup section */

/* Begin PBXNativeTarget section */
		3B32CB972BB3BFA1002484AB /* ARI */ = {
			isa = PBXNativeTarget;
			buildConfigurationList = 3B32CBA62BB3BFA2002484AB /* Build configuration list for PBXNativeTarget "ARI" */;
			buildPhases = (
				3B32CB942BB3BFA1002484AB /* Sources */,
				3B32CB952BB3BFA1002484AB /* Frameworks */,
				3B32CB962BB3BFA1002484AB /* Resources */,
			);
			buildRules = (
			);
			dependencies = (
			);
			name = ARI;
			packageProductDependencies = (
				423ED8F22BB453800009608E /* FirebaseAuth */,
				423ED8F42BB4538D0009608E /* FirebaseFirestore */,
				423ED8F62BB4538D0009608E /* FirebaseFirestoreSwift */,
				423ED8F82BB453990009608E /* GoogleSignIn */,
				423ED8FA2BB453990009608E /* GoogleSignInSwift */,
			);
			productName = ARI;
			productReference = 3B32CB982BB3BFA1002484AB /* ARI.app */;
			productType = "com.apple.product-type.application";
		};
/* End PBXNativeTarget section */

/* Begin PBXProject section */
		3B32CB902BB3BFA1002484AB /* Project object */ = {
			isa = PBXProject;
			attributes = {
				BuildIndependentTargetsInParallel = 1;
				LastSwiftUpdateCheck = 1530;
				LastUpgradeCheck = 1530;
				TargetAttributes = {
					3B32CB972BB3BFA1002484AB = {
						CreatedOnToolsVersion = 15.3;
					};
				};
			};
			buildConfigurationList = 3B32CB932BB3BFA1002484AB /* Build configuration list for PBXProject "ARI" */;
			compatibilityVersion = "Xcode 14.0";
			developmentRegion = en;
			hasScannedForEncodings = 0;
			knownRegions = (
				en,
				Base,
			);
			mainGroup = 3B32CB8F2BB3BFA1002484AB;
			packageReferences = (
				3B32CBB52BB3D098002484AB /* XCRemoteSwiftPackageReference "firebase-ios-sdk" */,
				3BE8ADB42BB40A32005919CF /* XCRemoteSwiftPackageReference "GoogleSignIn-iOS" */,
			);
			productRefGroup = 3B32CB992BB3BFA1002484AB /* Products */;
			projectDirPath = "";
			projectRoot = "";
			targets = (
				3B32CB972BB3BFA1002484AB /* ARI */,
			);
		};
/* End PBXProject section */

/* Begin PBXResourcesBuildPhase section */
		3B32CB962BB3BFA1002484AB /* Resources */ = {
			isa = PBXResourcesBuildPhase;
			buildActionMask = 2147483647;
			files = (
				3B32CBA32BB3BFA2002484AB /* Preview Assets.xcassets in Resources */,
				3B32CBA02BB3BFA2002484AB /* Assets.xcassets in Resources */,
				9B4631A62BB5252000113FB9 /* GoogleService-Info.plist in Resources */,
			);
			runOnlyForDeploymentPostprocessing = 0;
		};
/* End PBXResourcesBuildPhase section */

/* Begin PBXSourcesBuildPhase section */
		3B32CB942BB3BFA1002484AB /* Sources */ = {
			isa = PBXSourcesBuildPhase;
			buildActionMask = 2147483647;
			files = (
				D7014EC82BB3FBEE00A8F05F /* EditAnswerView.swift in Sources */,
				42A7E69F2BB4101A00AB9DED /* AnsweringView.swift in Sources */,
				42A7E6A12BB4102F00AB9DED /* AccentColorButtonView.swift in Sources */,
				3B32CB9E2BB3BFA1002484AB /* ContentView.swift in Sources */,
				3BE8ADBF2BB40A8C005919CF /* MoreInfoView.swift in Sources */,
				423ED8FF2BB476F10009608E /* QuestionStore.swift in Sources */,
				3B2B035E2BB3D10C009B1DEA /* QuestionView.swift in Sources */,
				3BE8ADC72BB40B85005919CF /* DataTestView.swift in Sources */,
				3BADFB732BB4316500F52A84 /* LoginState.swift in Sources */,
				3B32CB9C2BB3BFA1002484AB /* ARIApp.swift in Sources */,
				3BADFB6F2BB416DC00F52A84 /* LoginViewModel.swift in Sources */,
				3B32CBAD2BB3BFE1002484AB /* MyAnswerView.swift in Sources */,
				D7014EC62BB3F83300A8F05F /* AnswerCell.swift in Sources */,
				3B2B03612BB3D5E6009B1DEA /* DataTesting.swift in Sources */,
				D7014ECA2BB4299A00A8F05F /* MyQuestionCell.swift in Sources */,
				D7014EC42BB3DBB000A8F05F /* AnswerDetailView.swift in Sources */,
				3BE8ADC22BB40AA7005919CF /* QuestionData.swift in Sources */,
				9BE746BF2BB465990022CC50 /* DevelopersDetailView.swift in Sources */,
				3BE8ADC52BB40ACD005919CF /* QuestionViewModel.swift in Sources */,
				423ED8FD2BB472330009608E /* QuestionUserDefaultsClient.swift in Sources */,
				3BADFB712BB416E900F52A84 /* User.swift in Sources */,
				9B2B3CB42BB3DF5C00EFBAE1 /* AnswerLabelView.swift in Sources */,
			);
			runOnlyForDeploymentPostprocessing = 0;
		};
/* End PBXSourcesBuildPhase section */

/* Begin XCBuildConfiguration section */
		3B32CBA42BB3BFA2002484AB /* Debug */ = {
			isa = XCBuildConfiguration;
			buildSettings = {
				ALWAYS_SEARCH_USER_PATHS = NO;
				ASSETCATALOG_COMPILER_GENERATE_SWIFT_ASSET_SYMBOL_EXTENSIONS = YES;
				CLANG_ANALYZER_NONNULL = YES;
				CLANG_ANALYZER_NUMBER_OBJECT_CONVERSION = YES_AGGRESSIVE;
				CLANG_CXX_LANGUAGE_STANDARD = "gnu++20";
				CLANG_ENABLE_MODULES = YES;
				CLANG_ENABLE_OBJC_ARC = YES;
				CLANG_ENABLE_OBJC_WEAK = YES;
				CLANG_WARN_BLOCK_CAPTURE_AUTORELEASING = YES;
				CLANG_WARN_BOOL_CONVERSION = YES;
				CLANG_WARN_COMMA = YES;
				CLANG_WARN_CONSTANT_CONVERSION = YES;
				CLANG_WARN_DEPRECATED_OBJC_IMPLEMENTATIONS = YES;
				CLANG_WARN_DIRECT_OBJC_ISA_USAGE = YES_ERROR;
				CLANG_WARN_DOCUMENTATION_COMMENTS = YES;
				CLANG_WARN_EMPTY_BODY = YES;
				CLANG_WARN_ENUM_CONVERSION = YES;
				CLANG_WARN_INFINITE_RECURSION = YES;
				CLANG_WARN_INT_CONVERSION = YES;
				CLANG_WARN_NON_LITERAL_NULL_CONVERSION = YES;
				CLANG_WARN_OBJC_IMPLICIT_RETAIN_SELF = YES;
				CLANG_WARN_OBJC_LITERAL_CONVERSION = YES;
				CLANG_WARN_OBJC_ROOT_CLASS = YES_ERROR;
				CLANG_WARN_QUOTED_INCLUDE_IN_FRAMEWORK_HEADER = YES;
				CLANG_WARN_RANGE_LOOP_ANALYSIS = YES;
				CLANG_WARN_STRICT_PROTOTYPES = YES;
				CLANG_WARN_SUSPICIOUS_MOVE = YES;
				CLANG_WARN_UNGUARDED_AVAILABILITY = YES_AGGRESSIVE;
				CLANG_WARN_UNREACHABLE_CODE = YES;
				CLANG_WARN__DUPLICATE_METHOD_MATCH = YES;
				COPY_PHASE_STRIP = NO;
				DEBUG_INFORMATION_FORMAT = dwarf;
				ENABLE_STRICT_OBJC_MSGSEND = YES;
				ENABLE_TESTABILITY = YES;
				ENABLE_USER_SCRIPT_SANDBOXING = YES;
				GCC_C_LANGUAGE_STANDARD = gnu17;
				GCC_DYNAMIC_NO_PIC = NO;
				GCC_NO_COMMON_BLOCKS = YES;
				GCC_OPTIMIZATION_LEVEL = 0;
				GCC_PREPROCESSOR_DEFINITIONS = (
					"DEBUG=1",
					"$(inherited)",
				);
				GCC_WARN_64_TO_32_BIT_CONVERSION = YES;
				GCC_WARN_ABOUT_RETURN_TYPE = YES_ERROR;
				GCC_WARN_UNDECLARED_SELECTOR = YES;
				GCC_WARN_UNINITIALIZED_AUTOS = YES_AGGRESSIVE;
				GCC_WARN_UNUSED_FUNCTION = YES;
				GCC_WARN_UNUSED_VARIABLE = YES;
				IPHONEOS_DEPLOYMENT_TARGET = 17.4;
				LOCALIZATION_PREFERS_STRING_CATALOGS = YES;
				MTL_ENABLE_DEBUG_INFO = INCLUDE_SOURCE;
				MTL_FAST_MATH = YES;
				ONLY_ACTIVE_ARCH = YES;
				SDKROOT = iphoneos;
				SWIFT_ACTIVE_COMPILATION_CONDITIONS = "DEBUG $(inherited)";
				SWIFT_OPTIMIZATION_LEVEL = "-Onone";
			};
			name = Debug;
		};
		3B32CBA52BB3BFA2002484AB /* Release */ = {
			isa = XCBuildConfiguration;
			buildSettings = {
				ALWAYS_SEARCH_USER_PATHS = NO;
				ASSETCATALOG_COMPILER_GENERATE_SWIFT_ASSET_SYMBOL_EXTENSIONS = YES;
				CLANG_ANALYZER_NONNULL = YES;
				CLANG_ANALYZER_NUMBER_OBJECT_CONVERSION = YES_AGGRESSIVE;
				CLANG_CXX_LANGUAGE_STANDARD = "gnu++20";
				CLANG_ENABLE_MODULES = YES;
				CLANG_ENABLE_OBJC_ARC = YES;
				CLANG_ENABLE_OBJC_WEAK = YES;
				CLANG_WARN_BLOCK_CAPTURE_AUTORELEASING = YES;
				CLANG_WARN_BOOL_CONVERSION = YES;
				CLANG_WARN_COMMA = YES;
				CLANG_WARN_CONSTANT_CONVERSION = YES;
				CLANG_WARN_DEPRECATED_OBJC_IMPLEMENTATIONS = YES;
				CLANG_WARN_DIRECT_OBJC_ISA_USAGE = YES_ERROR;
				CLANG_WARN_DOCUMENTATION_COMMENTS = YES;
				CLANG_WARN_EMPTY_BODY = YES;
				CLANG_WARN_ENUM_CONVERSION = YES;
				CLANG_WARN_INFINITE_RECURSION = YES;
				CLANG_WARN_INT_CONVERSION = YES;
				CLANG_WARN_NON_LITERAL_NULL_CONVERSION = YES;
				CLANG_WARN_OBJC_IMPLICIT_RETAIN_SELF = YES;
				CLANG_WARN_OBJC_LITERAL_CONVERSION = YES;
				CLANG_WARN_OBJC_ROOT_CLASS = YES_ERROR;
				CLANG_WARN_QUOTED_INCLUDE_IN_FRAMEWORK_HEADER = YES;
				CLANG_WARN_RANGE_LOOP_ANALYSIS = YES;
				CLANG_WARN_STRICT_PROTOTYPES = YES;
				CLANG_WARN_SUSPICIOUS_MOVE = YES;
				CLANG_WARN_UNGUARDED_AVAILABILITY = YES_AGGRESSIVE;
				CLANG_WARN_UNREACHABLE_CODE = YES;
				CLANG_WARN__DUPLICATE_METHOD_MATCH = YES;
				COPY_PHASE_STRIP = NO;
				DEBUG_INFORMATION_FORMAT = "dwarf-with-dsym";
				ENABLE_NS_ASSERTIONS = NO;
				ENABLE_STRICT_OBJC_MSGSEND = YES;
				ENABLE_USER_SCRIPT_SANDBOXING = YES;
				GCC_C_LANGUAGE_STANDARD = gnu17;
				GCC_NO_COMMON_BLOCKS = YES;
				GCC_WARN_64_TO_32_BIT_CONVERSION = YES;
				GCC_WARN_ABOUT_RETURN_TYPE = YES_ERROR;
				GCC_WARN_UNDECLARED_SELECTOR = YES;
				GCC_WARN_UNINITIALIZED_AUTOS = YES_AGGRESSIVE;
				GCC_WARN_UNUSED_FUNCTION = YES;
				GCC_WARN_UNUSED_VARIABLE = YES;
				IPHONEOS_DEPLOYMENT_TARGET = 17.4;
				LOCALIZATION_PREFERS_STRING_CATALOGS = YES;
				MTL_ENABLE_DEBUG_INFO = NO;
				MTL_FAST_MATH = YES;
				SDKROOT = iphoneos;
				SWIFT_COMPILATION_MODE = wholemodule;
				VALIDATE_PRODUCT = YES;
			};
			name = Release;
		};
		3B32CBA72BB3BFA2002484AB /* Debug */ = {
			isa = XCBuildConfiguration;
			buildSettings = {
				ASSETCATALOG_COMPILER_APPICON_NAME = AppIcon;
				ASSETCATALOG_COMPILER_GLOBAL_ACCENT_COLOR_NAME = AccentColor;
				CODE_SIGN_STYLE = Automatic;
				CURRENT_PROJECT_VERSION = 1;
				DEVELOPMENT_ASSET_PATHS = "\"ARI/Preview Content\"";
				DEVELOPMENT_TEAM = 6R3M7VGRP2;
				ENABLE_PREVIEWS = YES;
				GENERATE_INFOPLIST_FILE = YES;
				INFOPLIST_FILE = ARI/Info.plist;
				INFOPLIST_KEY_UIApplicationSceneManifest_Generation = YES;
				INFOPLIST_KEY_UIApplicationSupportsIndirectInputEvents = YES;
				INFOPLIST_KEY_UILaunchScreen_Generation = YES;
				INFOPLIST_KEY_UISupportedInterfaceOrientations = UIInterfaceOrientationPortrait;
				INFOPLIST_KEY_UISupportedInterfaceOrientations_iPad = "UIInterfaceOrientationLandscapeLeft UIInterfaceOrientationLandscapeRight UIInterfaceOrientationPortrait UIInterfaceOrientationPortraitUpsideDown";
				LD_RUNPATH_SEARCH_PATHS = (
					"$(inherited)",
					"@executable_path/Frameworks",
				);
				MARKETING_VERSION = 1.0;
				PRODUCT_BUNDLE_IDENTIFIER = com.Healthy.ARI;
				PRODUCT_NAME = "$(TARGET_NAME)";
				SUPPORTED_PLATFORMS = "iphoneos iphonesimulator";
				SUPPORTS_MACCATALYST = NO;
				SUPPORTS_MAC_DESIGNED_FOR_IPHONE_IPAD = NO;
				SUPPORTS_XR_DESIGNED_FOR_IPHONE_IPAD = NO;
				SWIFT_EMIT_LOC_STRINGS = YES;
				SWIFT_VERSION = 5.0;
				TARGETED_DEVICE_FAMILY = 1;
			};
			name = Debug;
		};
		3B32CBA82BB3BFA2002484AB /* Release */ = {
			isa = XCBuildConfiguration;
			buildSettings = {
				ASSETCATALOG_COMPILER_APPICON_NAME = AppIcon;
				ASSETCATALOG_COMPILER_GLOBAL_ACCENT_COLOR_NAME = AccentColor;
				CODE_SIGN_STYLE = Automatic;
				CURRENT_PROJECT_VERSION = 1;
				DEVELOPMENT_ASSET_PATHS = "\"ARI/Preview Content\"";
				DEVELOPMENT_TEAM = 6R3M7VGRP2;
				ENABLE_PREVIEWS = YES;
				GENERATE_INFOPLIST_FILE = YES;
				INFOPLIST_FILE = ARI/Info.plist;
				INFOPLIST_KEY_UIApplicationSceneManifest_Generation = YES;
				INFOPLIST_KEY_UIApplicationSupportsIndirectInputEvents = YES;
				INFOPLIST_KEY_UILaunchScreen_Generation = YES;
				INFOPLIST_KEY_UISupportedInterfaceOrientations = UIInterfaceOrientationPortrait;
				INFOPLIST_KEY_UISupportedInterfaceOrientations_iPad = "UIInterfaceOrientationLandscapeLeft UIInterfaceOrientationLandscapeRight UIInterfaceOrientationPortrait UIInterfaceOrientationPortraitUpsideDown";
				LD_RUNPATH_SEARCH_PATHS = (
					"$(inherited)",
					"@executable_path/Frameworks",
				);
				MARKETING_VERSION = 1.0;
				PRODUCT_BUNDLE_IDENTIFIER = com.Healthy.ARI;
				PRODUCT_NAME = "$(TARGET_NAME)";
				SUPPORTED_PLATFORMS = "iphoneos iphonesimulator";
				SUPPORTS_MACCATALYST = NO;
				SUPPORTS_MAC_DESIGNED_FOR_IPHONE_IPAD = NO;
				SUPPORTS_XR_DESIGNED_FOR_IPHONE_IPAD = NO;
				SWIFT_EMIT_LOC_STRINGS = YES;
				SWIFT_VERSION = 5.0;
				TARGETED_DEVICE_FAMILY = 1;
			};
			name = Release;
		};
/* End XCBuildConfiguration section */

/* Begin XCConfigurationList section */
		3B32CB932BB3BFA1002484AB /* Build configuration list for PBXProject "ARI" */ = {
			isa = XCConfigurationList;
			buildConfigurations = (
				3B32CBA42BB3BFA2002484AB /* Debug */,
				3B32CBA52BB3BFA2002484AB /* Release */,
			);
			defaultConfigurationIsVisible = 0;
			defaultConfigurationName = Release;
		};
		3B32CBA62BB3BFA2002484AB /* Build configuration list for PBXNativeTarget "ARI" */ = {
			isa = XCConfigurationList;
			buildConfigurations = (
				3B32CBA72BB3BFA2002484AB /* Debug */,
				3B32CBA82BB3BFA2002484AB /* Release */,
			);
			defaultConfigurationIsVisible = 0;
			defaultConfigurationName = Release;
		};
/* End XCConfigurationList section */

/* Begin XCRemoteSwiftPackageReference section */
		3B32CBB52BB3D098002484AB /* XCRemoteSwiftPackageReference "firebase-ios-sdk" */ = {
			isa = XCRemoteSwiftPackageReference;
			repositoryURL = "https://github.com/firebase/firebase-ios-sdk";
			requirement = {
				kind = upToNextMajorVersion;
				minimumVersion = 10.23.0;
			};
		};
		3BE8ADB42BB40A32005919CF /* XCRemoteSwiftPackageReference "GoogleSignIn-iOS" */ = {
			isa = XCRemoteSwiftPackageReference;
			repositoryURL = "https://github.com/google/GoogleSignIn-iOS";
			requirement = {
				kind = upToNextMajorVersion;
				minimumVersion = 7.1.0;
			};
		};
/* End XCRemoteSwiftPackageReference section */

/* Begin XCSwiftPackageProductDependency section */
		423ED8F22BB453800009608E /* FirebaseAuth */ = {
			isa = XCSwiftPackageProductDependency;
			package = 3B32CBB52BB3D098002484AB /* XCRemoteSwiftPackageReference "firebase-ios-sdk" */;
			productName = FirebaseAuth;
		};
		423ED8F42BB4538D0009608E /* FirebaseFirestore */ = {
			isa = XCSwiftPackageProductDependency;
			package = 3B32CBB52BB3D098002484AB /* XCRemoteSwiftPackageReference "firebase-ios-sdk" */;
			productName = FirebaseFirestore;
		};
		423ED8F62BB4538D0009608E /* FirebaseFirestoreSwift */ = {
			isa = XCSwiftPackageProductDependency;
			package = 3B32CBB52BB3D098002484AB /* XCRemoteSwiftPackageReference "firebase-ios-sdk" */;
			productName = FirebaseFirestoreSwift;
		};
		423ED8F82BB453990009608E /* GoogleSignIn */ = {
			isa = XCSwiftPackageProductDependency;
			package = 3BE8ADB42BB40A32005919CF /* XCRemoteSwiftPackageReference "GoogleSignIn-iOS" */;
			productName = GoogleSignIn;
		};
		423ED8FA2BB453990009608E /* GoogleSignInSwift */ = {
			isa = XCSwiftPackageProductDependency;
			package = 3BE8ADB42BB40A32005919CF /* XCRemoteSwiftPackageReference "GoogleSignIn-iOS" */;
			productName = GoogleSignInSwift;
		};
/* End XCSwiftPackageProductDependency section */
	};
	rootObject = 3B32CB902BB3BFA1002484AB /* Project object */;
}
